
Microsoft Visual Studio Solution File, Format Version 12.00
# Visual Studio Version 17
VisualStudioVersion = 17.1.32210.238
MinimumVisualStudioVersion = 10.0.40219.1
Project("{8BC9CEB8-8B4A-11D0-8D11-00A0C91BC942}") = "nvlWalk", "nvlWalk\nvlWalk.vcxproj", "{897556CA-6BFC-4B0E-9EA4-DA865E93847D}"
EndProject
Global
	GlobalSection(SolutionConfigurationPlatforms) = preSolution
		Debug|Any CPU = Debug|Any CPU
		Debug|x64 = Debug|x64
		Debug|x86 = Debug|x86
		Release|Any CPU = Release|Any CPU
		Release|x64 = Release|x64
		Release|x86 = Release|x86
	EndGlobalSection
	GlobalSection(ProjectConfigurationPlatforms) = postSolution
		{897556CA-6BFC-4B0E-9EA4-DA865E93847D}.Debug|Any CPU.ActiveCfg = Debug|x64
		{897556CA-6BFC-4B0E-9EA4-DA865E93847D}.Debug|Any CPU.Build.0 = Debug|x64
		{897556CA-6BFC-4B0E-9EA4-DA865E93847D}.Debug|x64.ActiveCfg = Debug|x64
		{897556CA-6BFC-4B0E-9EA4-DA865E93847D}.Debug|x64.Build.0 = Debug|x64
		{897556CA-6BFC-4B0E-9EA4-DA865E93847D}.Debug|x86.ActiveCfg = Debug|Win32
		{897556CA-6BFC-4B0E-9EA4-DA865E93847D}.Debug|x86.Build.0 = Debug|Win32
		{897556CA-6BFC-4B0E-9EA4-DA865E93847D}.Release|Any CPU.ActiveCfg = Release|x64
		{897556CA-6BFC-4B0E-9EA4-DA865E93847D}.Release|Any CPU.Build.0 = Release|x64
		{897556CA-6BFC-4B0E-9EA4-DA865E93847D}.Release|x64.ActiveCfg = Release|x64
		{897556CA-6BFC-4B0E-9EA4-DA865E93847D}.Release|x64.Build.0 = Release|x64
		{897556CA-6BFC-4B0E-9EA4-DA865E93847D}.Release|x86.ActiveCfg = Release|Win32
		{897556CA-6BFC-4B0E-9EA4-DA865E93847D}.Release|x86.Build.0 = Release|Win32
	EndGlobalSection
	GlobalSection(SolutionProperties) = preSolution
		HideSolutionNode = FALSE
	EndGlobalSection
	GlobalSection(ExtensibilityGlobals) = postSolution
		SolutionGuid = {26DEE899-0129-4CFF-9D30-C1D1570F1A6A}
	EndGlobalSection
EndGlobal
